
Microsoft Visual Studio Solution File, Format Version 12.00
# Visual Studio Version 16
VisualStudioVersion = 16.0.31321.278
MinimumVisualStudioVersion = 10.0.40219.1
Project("{FAE04EC0-301F-11D3-BF4B-00C04F79EFBC}") = "Olympics", "Olympics\Olympics.csproj", "{C883DF90-0B4D-4911-BA0C-2349EC3DC5FE}"
EndProject
Global
	GlobalSection(SolutionConfigurationPlatforms) = preSolution
		Debug|Any CPU = Debug|Any CPU
		Release|Any CPU = Release|Any CPU
	EndGlobalSection
	GlobalSection(ProjectConfigurationPlatforms) = postSolution
		{C883DF90-0B4D-4911-BA0C-2349EC3DC5FE}.Debug|Any CPU.ActiveCfg = Debug|Any CPU
		{C883DF90-0B4D-4911-BA0C-2349EC3DC5FE}.Debug|Any CPU.Build.0 = Debug|Any CPU
		{C883DF90-0B4D-4911-BA0C-2349EC3DC5FE}.Release|Any CPU.ActiveCfg = Release|Any CPU
		{C883DF90-0B4D-4911-BA0C-2349EC3DC5FE}.Release|Any CPU.Build.0 = Release|Any CPU
	EndGlobalSection
	GlobalSection(SolutionProperties) = preSolution
		HideSolutionNode = FALSE
	EndGlobalSection
	GlobalSection(ExtensibilityGlobals) = postSolution
		SolutionGuid = {7256D162-3750-4C5D-8C14-15A3B02AE7D7}
	EndGlobalSection
EndGlobal
